
Microsoft Visual Studio Solution File, Format Version 12.00
# Visual Studio Version 17
VisualStudioVersion = 17.0.32014.148
MinimumVisualStudioVersion = 10.0.40219.1
Project("{FAE04EC0-301F-11D3-BF4B-00C04F79EFBC}") = "MonoGameTest_2m", "MonoGameTest_2m\MonoGameTest_2m.csproj", "{58C6CB40-E692-46B2-B823-1DA97AE0EC89}"
EndProject
Global
	GlobalSection(SolutionConfigurationPlatforms) = preSolution
		Debug|Any CPU = Debug|Any CPU
		Release|Any CPU = Release|Any CPU
	EndGlobalSection
	GlobalSection(ProjectConfigurationPlatforms) = postSolution
		{58C6CB40-E692-46B2-B823-1DA97AE0EC89}.Debug|Any CPU.ActiveCfg = Debug|Any CPU
		{58C6CB40-E692-46B2-B823-1DA97AE0EC89}.Debug|Any CPU.Build.0 = Debug|Any CPU
		{58C6CB40-E692-46B2-B823-1DA97AE0EC89}.Release|Any CPU.ActiveCfg = Release|Any CPU
		{58C6CB40-E692-46B2-B823-1DA97AE0EC89}.Release|Any CPU.Build.0 = Release|Any CPU
	EndGlobalSection
	GlobalSection(SolutionProperties) = preSolution
		HideSolutionNode = FALSE
	EndGlobalSection
	GlobalSection(ExtensibilityGlobals) = postSolution
		SolutionGuid = {413217AA-A611-4713-B425-97E451749ADE}
	EndGlobalSection
EndGlobal
